
Microsoft Visual Studio Solution File, Format Version 12.00
# Visual Studio Version 17
VisualStudioVersion = 17.9.34622.214
MinimumVisualStudioVersion = 10.0.40219.1
Project("{FAE04EC0-301F-11D3-BF4B-00C04F79EFBC}") = "gestioneEventi", "gestioneEventi\gestioneEventi.csproj", "{FAED1347-3338-4BED-AE00-4742E7937C3A}"
EndProject
Global
	GlobalSection(SolutionConfigurationPlatforms) = preSolution
		Debug|Any CPU = Debug|Any CPU
		Release|Any CPU = Release|Any CPU
	EndGlobalSection
	GlobalSection(ProjectConfigurationPlatforms) = postSolution
		{FAED1347-3338-4BED-AE00-4742E7937C3A}.Debug|Any CPU.ActiveCfg = Debug|Any CPU
		{FAED1347-3338-4BED-AE00-4742E7937C3A}.Debug|Any CPU.Build.0 = Debug|Any CPU
		{FAED1347-3338-4BED-AE00-4742E7937C3A}.Release|Any CPU.ActiveCfg = Release|Any CPU
		{FAED1347-3338-4BED-AE00-4742E7937C3A}.Release|Any CPU.Build.0 = Release|Any CPU
	EndGlobalSection
	GlobalSection(SolutionProperties) = preSolution
		HideSolutionNode = FALSE
	EndGlobalSection
	GlobalSection(ExtensibilityGlobals) = postSolution
		SolutionGuid = {862A7B1C-E597-46C7-A85B-2265B066EF0C}
	EndGlobalSection
EndGlobal
